# This file is autogenerated, do not edit; changes may be undone by the next 'dep ensure'.


[[projects]]
  digest = "1:0e52f325adedf096ad882f886e3158400c7b01feecadde894e5b75a184fbbd27"
  name = "github.com/datasweet/cast"
  packages = ["."]
  pruneopts = "UT"
  revision = "09e92a090bcce47b53cf72bcf8bc3787fe526fde"
  version = "v1.1.0"

[[projects]]
  digest = "1:daa9076bc9db7de3c583ff1b66d6bf008c15d0b883b082b38049a1aafc35d2b7"
  name = "github.com/datasweet/expr"
  packages = ["."]
  pruneopts = "UT"
  revision = "cefb33523b88b203226a7d0f452bdfac7c098578"
  version = "v1.2.0"

[[projects]]
  digest = "1:ffe9824d294da03b391f44e1ae8281281b4afc1bdaa9588c9097785e3af10cec"
  name = "github.com/davecgh/go-spew"
  packages = ["spew"]
  pruneopts = "UT"
  revision = "8991bc29aa16c548c550c7ff78260e27b9ab7c73"
  version = "v1.1.1"

[[projects]]
  digest = "1:3465cca9dac8f89b9966d86bf2646cab7703075fe32c185462f8bccc9017e6df"
  name = "github.com/montanaflynn/stats"
  packages = ["."]
  pruneopts = "UT"
  revision = "63fbb2597b7a13043b453a4b819945badb8f8926"
  version = "v0.5.0"

[[projects]]
  digest = "1:cf31692c14422fa27c83a05292eb5cbe0fb2775972e8f1f8446a71549bd8980b"
  name = "github.com/pkg/errors"
  packages = ["."]
  pruneopts = "UT"
  revision = "ba968bfe8b2f7e042a574c888954fccecfa385b4"
  version = "v0.8.1"

[[projects]]
  digest = "1:0028cb19b2e4c3112225cd871870f2d9cf49b9b4276531f03438a88e94be86fe"
  name = "github.com/pmezard/go-difflib"
  packages = ["difflib"]
  pruneopts = "UT"
  revision = "792786c7400a136282c1664665ae0a8db921c6c2"
  version = "v1.0.0"

[[projects]]
  digest = "1:972c2427413d41a1e06ca4897e8528e5a1622894050e2f527b38ddf0f343f759"
  name = "github.com/stretchr/testify"
  packages = ["assert"]
  pruneopts = "UT"
  revision = "ffdc059bfe9ce6a4e144ba849dbedead332c6053"
  version = "v1.3.0"

[solve-meta]
  analyzer-name = "dep"
  analyzer-version = 1
  input-imports = [
    "github.com/datasweet/cast",
    "github.com/datasweet/expr",
    "github.com/pkg/errors",
    "github.com/stretchr/testify/assert",
  ]
  solver-name = "gps-cdcl"
  solver-version = 1
